
Microsoft Visual Studio Solution File, Format Version 12.00
# Visual Studio Version 16
VisualStudioVersion = 16.0.31624.102
MinimumVisualStudioVersion = 10.0.40219.1
Project("{FAE04EC0-301F-11D3-BF4B-00C04F79EFBC}") = "RRHH_LOGS", "RRHH_LOGS\RRHH_LOGS.csproj", "{07865C0E-43DA-4723-AF05-DF1756EAF1F3}"
EndProject
Global
	GlobalSection(SolutionConfigurationPlatforms) = preSolution
		Debug|Any CPU = Debug|Any CPU
		Release|Any CPU = Release|Any CPU
	EndGlobalSection
	GlobalSection(ProjectConfigurationPlatforms) = postSolution
		{07865C0E-43DA-4723-AF05-DF1756EAF1F3}.Debug|Any CPU.ActiveCfg = Debug|Any CPU
		{07865C0E-43DA-4723-AF05-DF1756EAF1F3}.Debug|Any CPU.Build.0 = Debug|Any CPU
		{07865C0E-43DA-4723-AF05-DF1756EAF1F3}.Release|Any CPU.ActiveCfg = Release|Any CPU
		{07865C0E-43DA-4723-AF05-DF1756EAF1F3}.Release|Any CPU.Build.0 = Release|Any CPU
	EndGlobalSection
	GlobalSection(SolutionProperties) = preSolution
		HideSolutionNode = FALSE
	EndGlobalSection
	GlobalSection(ExtensibilityGlobals) = postSolution
		SolutionGuid = {765468F5-9919-4205-968B-7DFD73C96564}
	EndGlobalSection
EndGlobal
